// !$*UTF8*$!
{
	archiveVersion = 1;
	classes = {
	};
	objectVersion = 77;
	objects = {

/* Begin PBXBuildFile section */
		0374BF9054A6D70B73608F0C /* bridge_server.py in Resources */ = {isa = PBXBuildFile; fileRef = F15446F65EE4F7538382AE6D /* bridge_server.py */; };
		16DBB27955642C04E687272F /* Assets.xcassets in Resources */ = {isa = PBXBuildFile; fileRef = 19B99E4983E0B9F0F345369A /* Assets.xcassets */; };
		25AFA327D38F1AF957741EF4 /* requirements.txt in Resources */ = {isa = PBXBuildFile; fileRef = EDC1E02ADBDF70D214990EBF /* requirements.txt */; };
		40DCCAF8F72BBC3B2B166924 /* ServerController.swift in Sources */ = {isa = PBXBuildFile; fileRef = 6D554F9679D56C0AC3D18BDE /* ServerController.swift */; };
		4BEBB5986C370D4E401F93EB /* BoltTubeMacNativeApp.swift in Sources */ = {isa = PBXBuildFile; fileRef = 7F82829F00A247F3345BE121 /* BoltTubeMacNativeApp.swift */; };
		4C8A780BAB92CBFFD9724B04 /* library.py in Resources */ = {isa = PBXBuildFile; fileRef = 27CE1B05243C7D669BED27CB /* library.py */; };
		52A3F8EBB06182F8408D3D18 /* repository.cpython-314.pyc in Resources */ = {isa = PBXBuildFile; fileRef = 13CCCB80ABFD33F7C5BDCEC8 /* repository.cpython-314.pyc */; };
		82EBEFF690D251F49C976A0C /* ContentView.swift in Sources */ = {isa = PBXBuildFile; fileRef = C1137F3B9F91320701B03D77 /* ContentView.swift */; };
		9C782D54B576B47D298D632C /* library.cpython-314.pyc in Resources */ = {isa = PBXBuildFile; fileRef = A0437D1CA1831DAC936DBC52 /* library.cpython-314.pyc */; };
		9FC8B383773A35FF01169CA6 /* repository.py in Resources */ = {isa = PBXBuildFile; fileRef = 61E0E00CBE92E443A2A4CDC2 /* repository.py */; };
		C984B045FC6670B17FACD008 /* bridge_server.cpython-314.pyc in Resources */ = {isa = PBXBuildFile; fileRef = 2A60AA0C780FADEC386FCBA6 /* bridge_server.cpython-314.pyc */; };
/* End PBXBuildFile section */

/* Begin PBXFileReference section */
		13CCCB80ABFD33F7C5BDCEC8 /* repository.cpython-314.pyc */ = {isa = PBXFileReference; path = "repository.cpython-314.pyc"; sourceTree = "<group>"; };
		19B99E4983E0B9F0F345369A /* Assets.xcassets */ = {isa = PBXFileReference; lastKnownFileType = folder.assetcatalog; path = Assets.xcassets; sourceTree = "<group>"; };
		27CE1B05243C7D669BED27CB /* library.py */ = {isa = PBXFileReference; lastKnownFileType = text.script.python; path = library.py; sourceTree = "<group>"; };
		2A60AA0C780FADEC386FCBA6 /* bridge_server.cpython-314.pyc */ = {isa = PBXFileReference; path = "bridge_server.cpython-314.pyc"; sourceTree = "<group>"; };
		61E0E00CBE92E443A2A4CDC2 /* repository.py */ = {isa = PBXFileReference; lastKnownFileType = text.script.python; path = repository.py; sourceTree = "<group>"; };
		6D554F9679D56C0AC3D18BDE /* ServerController.swift */ = {isa = PBXFileReference; lastKnownFileType = sourcecode.swift; path = ServerController.swift; sourceTree = "<group>"; };
		7F82829F00A247F3345BE121 /* BoltTubeMacNativeApp.swift */ = {isa = PBXFileReference; lastKnownFileType = sourcecode.swift; path = BoltTubeMacNativeApp.swift; sourceTree = "<group>"; };
		A0437D1CA1831DAC936DBC52 /* library.cpython-314.pyc */ = {isa = PBXFileReference; path = "library.cpython-314.pyc"; sourceTree = "<group>"; };
		C1137F3B9F91320701B03D77 /* ContentView.swift */ = {isa = PBXFileReference; lastKnownFileType = sourcecode.swift; path = ContentView.swift; sourceTree = "<group>"; };
		D54B87C5046286FFE7E88816 /* BoltTube.app */ = {isa = PBXFileReference; explicitFileType = wrapper.application; includeInIndex = 0; path = BoltTube.app; sourceTree = BUILT_PRODUCTS_DIR; };
		EDC1E02ADBDF70D214990EBF /* requirements.txt */ = {isa = PBXFileReference; lastKnownFileType = text; path = requirements.txt; sourceTree = "<group>"; };
		F15446F65EE4F7538382AE6D /* bridge_server.py */ = {isa = PBXFileReference; lastKnownFileType = text.script.python; path = bridge_server.py; sourceTree = "<group>"; };
/* End PBXFileReference section */

/* Begin PBXGroup section */
		20876BE3BCADDBDE0CB7DCF1 /* Products */ = {
			isa = PBXGroup;
			children = (
				D54B87C5046286FFE7E88816 /* BoltTube.app */,
			);
			name = Products;
			sourceTree = "<group>";
		};
		217015848913B0F53775D15C /* __pycache__ */ = {
			isa = PBXGroup;
			children = (
				2A60AA0C780FADEC386FCBA6 /* bridge_server.cpython-314.pyc */,
				A0437D1CA1831DAC936DBC52 /* library.cpython-314.pyc */,
				13CCCB80ABFD33F7C5BDCEC8 /* repository.cpython-314.pyc */,
			);
			path = __pycache__;
			sourceTree = "<group>";
		};
		33AC0695399AA8568ED86979 = {
			isa = PBXGroup;
			children = (
				7AD4325E12459C94138E6A8F /* BoltTubeMacNative */,
				4FCE3DE687EEB8CB2C296A1F /* Resources */,
				20876BE3BCADDBDE0CB7DCF1 /* Products */,
			);
			sourceTree = "<group>";
		};
		4FCE3DE687EEB8CB2C296A1F /* Resources */ = {
			isa = PBXGroup;
			children = (
				19B99E4983E0B9F0F345369A /* Assets.xcassets */,
				F15446F65EE4F7538382AE6D /* bridge_server.py */,
				27CE1B05243C7D669BED27CB /* library.py */,
				61E0E00CBE92E443A2A4CDC2 /* repository.py */,
				EDC1E02ADBDF70D214990EBF /* requirements.txt */,
				217015848913B0F53775D15C /* __pycache__ */,
			);
			name = Resources;
			path = Sources/BoltTubeMacNative/Resources;
			sourceTree = "<group>";
		};
		7AD4325E12459C94138E6A8F /* BoltTubeMacNative */ = {
			isa = PBXGroup;
			children = (
				7F82829F00A247F3345BE121 /* BoltTubeMacNativeApp.swift */,
				C1137F3B9F91320701B03D77 /* ContentView.swift */,
				6D554F9679D56C0AC3D18BDE /* ServerController.swift */,
			);
			name = BoltTubeMacNative;
			path = Sources/BoltTubeMacNative;
			sourceTree = "<group>";
		};
/* End PBXGroup section */

/* Begin PBXNativeTarget section */
		B17B4D1B67BF272BF98A6A46 /* BoltTube */ = {
			isa = PBXNativeTarget;
			buildConfigurationList = 64E80DC80A2590F5CF04EC47 /* Build configuration list for PBXNativeTarget "BoltTube" */;
			buildPhases = (
				927775C12A631A418E3B70AF /* Sources */,
				66F47A56900F54457BCE7A2E /* Resources */,
			);
			buildRules = (
			);
			dependencies = (
			);
			name = BoltTube;
			packageProductDependencies = (
			);
			productName = BoltTube;
			productReference = D54B87C5046286FFE7E88816 /* BoltTube.app */;
			productType = "com.apple.product-type.application";
		};
/* End PBXNativeTarget section */

/* Begin PBXProject section */
		8D3A3CCAA3F058C3657F082C /* Project object */ = {
			isa = PBXProject;
			attributes = {
				BuildIndependentTargetsInParallel = YES;
				LastUpgradeCheck = 1430;
				TargetAttributes = {
					B17B4D1B67BF272BF98A6A46 = {
						DevelopmentTeam = "";
						ProvisioningStyle = Automatic;
					};
				};
			};
			buildConfigurationList = 2B293D2DA62A4DF92CF5D723 /* Build configuration list for PBXProject "BoltTube" */;
			developmentRegion = en;
			hasScannedForEncodings = 0;
			knownRegions = (
				Base,
				en,
			);
			mainGroup = 33AC0695399AA8568ED86979;
			minimizedProjectReferenceProxies = 1;
			preferredProjectObjectVersion = 77;
			productRefGroup = 20876BE3BCADDBDE0CB7DCF1 /* Products */;
			projectDirPath = "";
			projectRoot = "";
			targets = (
				B17B4D1B67BF272BF98A6A46 /* BoltTube */,
			);
		};
/* End PBXProject section */

/* Begin PBXResourcesBuildPhase section */
		66F47A56900F54457BCE7A2E /* Resources */ = {
			isa = PBXResourcesBuildPhase;
			buildActionMask = 2147483647;
			files = (
				16DBB27955642C04E687272F /* Assets.xcassets in Resources */,
				C984B045FC6670B17FACD008 /* bridge_server.cpython-314.pyc in Resources */,
				0374BF9054A6D70B73608F0C /* bridge_server.py in Resources */,
				9C782D54B576B47D298D632C /* library.cpython-314.pyc in Resources */,
				4C8A780BAB92CBFFD9724B04 /* library.py in Resources */,
				52A3F8EBB06182F8408D3D18 /* repository.cpython-314.pyc in Resources */,
				9FC8B383773A35FF01169CA6 /* repository.py in Resources */,
				25AFA327D38F1AF957741EF4 /* requirements.txt in Resources */,
			);
			runOnlyForDeploymentPostprocessing = 0;
		};
/* End PBXResourcesBuildPhase section */

/* Begin PBXSourcesBuildPhase section */
		927775C12A631A418E3B70AF /* Sources */ = {
			isa = PBXSourcesBuildPhase;
			buildActionMask = 2147483647;
			files = (
				4BEBB5986C370D4E401F93EB /* BoltTubeMacNativeApp.swift in Sources */,
				82EBEFF690D251F49C976A0C /* ContentView.swift in Sources */,
				40DCCAF8F72BBC3B2B166924 /* ServerController.swift in Sources */,
			);
			runOnlyForDeploymentPostprocessing = 0;
		};
/* End PBXSourcesBuildPhase section */

/* Begin XCBuildConfiguration section */
		146A671F8DF030A4D3A7C4CB /* Release */ = {
			isa = XCBuildConfiguration;
			buildSettings = {
				ALWAYS_SEARCH_USER_PATHS = NO;
				CLANG_ANALYZER_NONNULL = YES;
				CLANG_ANALYZER_NUMBER_OBJECT_CONVERSION = YES_AGGRESSIVE;
				CLANG_CXX_LANGUAGE_STANDARD = "gnu++14";
				CLANG_CXX_LIBRARY = "libc++";
				CLANG_ENABLE_MODULES = YES;
				CLANG_ENABLE_OBJC_ARC = YES;
				CLANG_ENABLE_OBJC_WEAK = YES;
				CLANG_WARN_BLOCK_CAPTURE_AUTORELEASING = YES;
				CLANG_WARN_BOOL_CONVERSION = YES;
				CLANG_WARN_COMMA = YES;
				CLANG_WARN_CONSTANT_CONVERSION = YES;
				CLANG_WARN_DEPRECATED_OBJC_IMPLEMENTATIONS = YES;
				CLANG_WARN_DIRECT_OBJC_ISA_USAGE = YES_ERROR;
				CLANG_WARN_DOCUMENTATION_COMMENTS = YES;
				CLANG_WARN_EMPTY_BODY = YES;
				CLANG_WARN_ENUM_CONVERSION = YES;
				CLANG_WARN_INFINITE_RECURSION = YES;
				CLANG_WARN_INT_CONVERSION = YES;
				CLANG_WARN_NON_LITERAL_NULL_CONVERSION = YES;
				CLANG_WARN_OBJC_IMPLICIT_RETAIN_SELF = YES;
				CLANG_WARN_OBJC_LITERAL_CONVERSION = YES;
				CLANG_WARN_OBJC_ROOT_CLASS = YES_ERROR;
				CLANG_WARN_QUOTED_INCLUDE_IN_FRAMEWORK_HEADER = YES;
				CLANG_WARN_RANGE_LOOP_ANALYSIS = YES;
				CLANG_WARN_STRICT_PROTOTYPES = YES;
				CLANG_WARN_SUSPICIOUS_MOVE = YES;
				CLANG_WARN_UNGUARDED_AVAILABILITY = YES_AGGRESSIVE;
				CLANG_WARN_UNREACHABLE_CODE = YES;
				CLANG_WARN__DUPLICATE_METHOD_MATCH = YES;
				COPY_PHASE_STRIP = NO;
				CURRENT_PROJECT_VERSION = 1;
				DEBUG_INFORMATION_FORMAT = "dwarf-with-dsym";
				ENABLE_NS_ASSERTIONS = NO;
				ENABLE_STRICT_OBJC_MSGSEND = YES;
				GCC_C_LANGUAGE_STANDARD = gnu11;
				GCC_NO_COMMON_BLOCKS = YES;
				GCC_WARN_64_TO_32_BIT_CONVERSION = YES;
				GCC_WARN_ABOUT_RETURN_TYPE = YES_ERROR;
				GCC_WARN_UNDECLARED_SELECTOR = YES;
				GCC_WARN_UNINITIALIZED_AUTOS = YES_AGGRESSIVE;
				GCC_WARN_UNUSED_FUNCTION = YES;
				GCC_WARN_UNUSED_VARIABLE = YES;
				GENERATE_INFOPLIST_FILE = YES;
				INFOPLIST_KEY_CFBundleDisplayName = BoltTube;
				INFOPLIST_KEY_LSApplicationCategoryType = "public.app-category.video";
				INFOPLIST_KEY_NSHighResolutionCapable = YES;
				INFOPLIST_KEY_NSHumanReadableCopyright = BoltTube;
				MACOSX_DEPLOYMENT_TARGET = 15.0;
				MARKETING_VERSION = 1.0.0;
				MTL_ENABLE_DEBUG_INFO = NO;
				MTL_FAST_MATH = YES;
				PRODUCT_BUNDLE_IDENTIFIER = ir.boum.BoltTubeMac;
				PRODUCT_NAME = BoltTube;
				SDKROOT = macosx;
				SWIFT_COMPILATION_MODE = wholemodule;
				SWIFT_OPTIMIZATION_LEVEL = "-O";
				SWIFT_VERSION = 5.1;
			};
			name = Release;
		};
		6A90DE02D2D19783D02DFC49 /* Release */ = {
			isa = XCBuildConfiguration;
			buildSettings = {
				ASSETCATALOG_COMPILER_APPICON_NAME = AppIcon;
				CODE_SIGN_STYLE = Automatic;
				COMBINE_HIDPI_IMAGES = YES;
				DEVELOPMENT_TEAM = "";
				LD_RUNPATH_SEARCH_PATHS = (
					"$(inherited)",
					"@executable_path/../Frameworks",
				);
				PRODUCT_MODULE_NAME = BoltTube;
				SDKROOT = macosx;
			};
			name = Release;
		};
		AF997E46C3EC2BB200D6A892 /* Debug */ = {
			isa = XCBuildConfiguration;
			buildSettings = {
				ALWAYS_SEARCH_USER_PATHS = NO;
				CLANG_ANALYZER_NONNULL = YES;
				CLANG_ANALYZER_NUMBER_OBJECT_CONVERSION = YES_AGGRESSIVE;
				CLANG_CXX_LANGUAGE_STANDARD = "gnu++14";
				CLANG_CXX_LIBRARY = "libc++";
				CLANG_ENABLE_MODULES = YES;
				CLANG_ENABLE_OBJC_ARC = YES;
				CLANG_ENABLE_OBJC_WEAK = YES;
				CLANG_WARN_BLOCK_CAPTURE_AUTORELEASING = YES;
				CLANG_WARN_BOOL_CONVERSION = YES;
				CLANG_WARN_COMMA = YES;
				CLANG_WARN_CONSTANT_CONVERSION = YES;
				CLANG_WARN_DEPRECATED_OBJC_IMPLEMENTATIONS = YES;
				CLANG_WARN_DIRECT_OBJC_ISA_USAGE = YES_ERROR;
				CLANG_WARN_DOCUMENTATION_COMMENTS = YES;
				CLANG_WARN_EMPTY_BODY = YES;
				CLANG_WARN_ENUM_CONVERSION = YES;
				CLANG_WARN_INFINITE_RECURSION = YES;
				CLANG_WARN_INT_CONVERSION = YES;
				CLANG_WARN_NON_LITERAL_NULL_CONVERSION = YES;
				CLANG_WARN_OBJC_IMPLICIT_RETAIN_SELF = YES;
				CLANG_WARN_OBJC_LITERAL_CONVERSION = YES;
				CLANG_WARN_OBJC_ROOT_CLASS = YES_ERROR;
				CLANG_WARN_QUOTED_INCLUDE_IN_FRAMEWORK_HEADER = YES;
				CLANG_WARN_RANGE_LOOP_ANALYSIS = YES;
				CLANG_WARN_STRICT_PROTOTYPES = YES;
				CLANG_WARN_SUSPICIOUS_MOVE = YES;
				CLANG_WARN_UNGUARDED_AVAILABILITY = YES_AGGRESSIVE;
				CLANG_WARN_UNREACHABLE_CODE = YES;
				CLANG_WARN__DUPLICATE_METHOD_MATCH = YES;
				COPY_PHASE_STRIP = NO;
				CURRENT_PROJECT_VERSION = 1;
				DEBUG_INFORMATION_FORMAT = dwarf;
				ENABLE_STRICT_OBJC_MSGSEND = YES;
				ENABLE_TESTABILITY = YES;
				GCC_C_LANGUAGE_STANDARD = gnu11;
				GCC_DYNAMIC_NO_PIC = NO;
				GCC_NO_COMMON_BLOCKS = YES;
				GCC_OPTIMIZATION_LEVEL = 0;
				GCC_PREPROCESSOR_DEFINITIONS = (
					"$(inherited)",
					"DEBUG=1",
				);
				GCC_WARN_64_TO_32_BIT_CONVERSION = YES;
				GCC_WARN_ABOUT_RETURN_TYPE = YES_ERROR;
				GCC_WARN_UNDECLARED_SELECTOR = YES;
				GCC_WARN_UNINITIALIZED_AUTOS = YES_AGGRESSIVE;
				GCC_WARN_UNUSED_FUNCTION = YES;
				GCC_WARN_UNUSED_VARIABLE = YES;
				GENERATE_INFOPLIST_FILE = YES;
				INFOPLIST_KEY_CFBundleDisplayName = BoltTube;
				INFOPLIST_KEY_LSApplicationCategoryType = "public.app-category.video";
				INFOPLIST_KEY_NSHighResolutionCapable = YES;
				INFOPLIST_KEY_NSHumanReadableCopyright = BoltTube;
				MACOSX_DEPLOYMENT_TARGET = 15.0;
				MARKETING_VERSION = 1.0.0;
				MTL_ENABLE_DEBUG_INFO = INCLUDE_SOURCE;
				MTL_FAST_MATH = YES;
				ONLY_ACTIVE_ARCH = YES;
				PRODUCT_BUNDLE_IDENTIFIER = ir.boum.BoltTubeMac;
				PRODUCT_NAME = BoltTube;
				SDKROOT = macosx;
				SWIFT_ACTIVE_COMPILATION_CONDITIONS = DEBUG;
				SWIFT_OPTIMIZATION_LEVEL = "-Onone";
				SWIFT_VERSION = 5.1;
			};
			name = Debug;
		};
		F6CE588CA1154498665416F2 /* Debug */ = {
			isa = XCBuildConfiguration;
			buildSettings = {
				ASSETCATALOG_COMPILER_APPICON_NAME = AppIcon;
				CODE_SIGN_STYLE = Automatic;
				COMBINE_HIDPI_IMAGES = YES;
				DEVELOPMENT_TEAM = "";
				LD_RUNPATH_SEARCH_PATHS = (
					"$(inherited)",
					"@executable_path/../Frameworks",
				);
				PRODUCT_MODULE_NAME = BoltTube;
				SDKROOT = macosx;
			};
			name = Debug;
		};
/* End XCBuildConfiguration section */

/* Begin XCConfigurationList section */
		2B293D2DA62A4DF92CF5D723 /* Build configuration list for PBXProject "BoltTube" */ = {
			isa = XCConfigurationList;
			buildConfigurations = (
				AF997E46C3EC2BB200D6A892 /* Debug */,
				146A671F8DF030A4D3A7C4CB /* Release */,
			);
			defaultConfigurationIsVisible = 0;
			defaultConfigurationName = Debug;
		};
		64E80DC80A2590F5CF04EC47 /* Build configuration list for PBXNativeTarget "BoltTube" */ = {
			isa = XCConfigurationList;
			buildConfigurations = (
				F6CE588CA1154498665416F2 /* Debug */,
				6A90DE02D2D19783D02DFC49 /* Release */,
			);
			defaultConfigurationIsVisible = 0;
			defaultConfigurationName = Debug;
		};
/* End XCConfigurationList section */
	};
	rootObject = 8D3A3CCAA3F058C3657F082C /* Project object */;
}
